// !$*UTF8*$!
{
	archiveVersion = 1;
	classes = {
	};
	objectVersion = 46;
	objects = {

/* Begin PBXBuildFile section */
		9A61870A190929B6002BF77B /* Foundation.framework in Frameworks */ = {isa = PBXBuildFile; fileRef = 9A618709190929B6002BF77B /* Foundation.framework */; };
		9A61870C190929B6002BF77B /* CoreGraphics.framework in Frameworks */ = {isa = PBXBuildFile; fileRef = 9A61870B190929B6002BF77B /* CoreGraphics.framework */; };
		9A61870E190929B6002BF77B /* UIKit.framework in Frameworks */ = {isa = PBXBuildFile; fileRef = 9A61870D190929B6002BF77B /* UIKit.framework */; };
		9A618710190929B6002BF77B /* CoreData.framework in Frameworks */ = {isa = PBXBuildFile; fileRef = 9A61870F190929B6002BF77B /* CoreData.framework */; };
		9A618716190929B6002BF77B /* InfoPlist.strings in Resources */ = {isa = PBXBuildFile; fileRef = 9A618714190929B6002BF77B /* InfoPlist.strings */; };
		9A618718190929B6002BF77B /* main.m in Sources */ = {isa = PBXBuildFile; fileRef = 9A618717190929B6002BF77B /* main.m */; };
		9A61871C190929B6002BF77B /* AppDelegate.m in Sources */ = {isa = PBXBuildFile; fileRef = 9A61871B190929B6002BF77B /* AppDelegate.m */; };
		9A61871F190929B6002BF77B /* Main_iPhone.storyboard in Resources */ = {isa = PBXBuildFile; fileRef = 9A61871D190929B6002BF77B /* Main_iPhone.storyboard */; };
		9A618722190929B6002BF77B /* Main_iPad.storyboard in Resources */ = {isa = PBXBuildFile; fileRef = 9A618720190929B6002BF77B /* Main_iPad.storyboard */; };
		9A618725190929B6002BF77B /* New_Lab5.xcdatamodeld in Sources */ = {isa = PBXBuildFile; fileRef = 9A618723190929B6002BF77B /* New_Lab5.xcdatamodeld */; };
		9A618728190929B6002BF77B /* MasterViewController.m in Sources */ = {isa = PBXBuildFile; fileRef = 9A618727190929B6002BF77B /* MasterViewController.m */; };
		9A61872B190929B6002BF77B /* DetailViewController.m in Sources */ = {isa = PBXBuildFile; fileRef = 9A61872A190929B6002BF77B /* DetailViewController.m */; };
		9A61872D190929B6002BF77B /* Images.xcassets in Resources */ = {isa = PBXBuildFile; fileRef = 9A61872C190929B6002BF77B /* Images.xcassets */; };
		9A618734190929B6002BF77B /* XCTest.framework in Frameworks */ = {isa = PBXBuildFile; fileRef = 9A618733190929B6002BF77B /* XCTest.framework */; };
		9A618735190929B6002BF77B /* Foundation.framework in Frameworks */ = {isa = PBXBuildFile; fileRef = 9A618709190929B6002BF77B /* Foundation.framework */; };
		9A618736190929B6002BF77B /* UIKit.framework in Frameworks */ = {isa = PBXBuildFile; fileRef = 9A61870D190929B6002BF77B /* UIKit.framework */; };
		9A618737190929B6002BF77B /* CoreData.framework in Frameworks */ = {isa = PBXBuildFile; fileRef = 9A61870F190929B6002BF77B /* CoreData.framework */; };
		9A61873F190929B6002BF77B /* InfoPlist.strings in Resources */ = {isa = PBXBuildFile; fileRef = 9A61873D190929B6002BF77B /* InfoPlist.strings */; };
		9A618741190929B6002BF77B /* New_Lab5Tests.m in Sources */ = {isa = PBXBuildFile; fileRef = 9A618740190929B6002BF77B /* New_Lab5Tests.m */; };
/* End PBXBuildFile section */

/* Begin PBXContainerItemProxy section */
		9A618738190929B6002BF77B /* PBXContainerItemProxy */ = {
			isa = PBXContainerItemProxy;
			containerPortal = 9A6186FE190929B6002BF77B /* Project object */;
			proxyType = 1;
			remoteGlobalIDString = 9A618705190929B6002BF77B;
			remoteInfo = New_Lab5;
		};
/* End PBXContainerItemProxy section */

/* Begin PBXFileReference section */
		9A618706190929B6002BF77B /* New_Lab5.app */ = {isa = PBXFileReference; explicitFileType = wrapper.application; includeInIndex = 0; path = New_Lab5.app; sourceTree = BUILT_PRODUCTS_DIR; };
		9A618709190929B6002BF77B /* Foundation.framework */ = {isa = PBXFileReference; lastKnownFileType = wrapper.framework; name = Foundation.framework; path = System/Library/Frameworks/Foundation.framework; sourceTree = SDKROOT; };
		9A61870B190929B6002BF77B /* CoreGraphics.framework */ = {isa = PBXFileReference; lastKnownFileType = wrapper.framework; name = CoreGraphics.framework; path = System/Library/Frameworks/CoreGraphics.framework; sourceTree = SDKROOT; };
		9A61870D190929B6002BF77B /* UIKit.framework */ = {isa = PBXFileReference; lastKnownFileType = wrapper.framework; name = UIKit.framework; path = System/Library/Frameworks/UIKit.framework; sourceTree = SDKROOT; };
		9A61870F190929B6002BF77B /* CoreData.framework */ = {isa = PBXFileReference; lastKnownFileType = wrapper.framework; name = CoreData.framework; path = System/Library/Frameworks/CoreData.framework; sourceTree = SDKROOT; };
		9A618713190929B6002BF77B /* New_Lab5-Info.plist */ = {isa = PBXFileReference; lastKnownFileType = text.plist.xml; path = "New_Lab5-Info.plist"; sourceTree = "<group>"; };
		9A618715190929B6002BF77B /* en */ = {isa = PBXFileReference; lastKnownFileType = text.plist.strings; name = en; path = en.lproj/InfoPlist.strings; sourceTree = "<group>"; };
		9A618717190929B6002BF77B /* main.m */ = {isa = PBXFileReference; lastKnownFileType = sourcecode.c.objc; path = main.m; sourceTree = "<group>"; };
		9A618719190929B6002BF77B /* New_Lab5-Prefix.pch */ = {isa = PBXFileReference; lastKnownFileType = sourcecode.c.h; path = "New_Lab5-Prefix.pch"; sourceTree = "<group>"; };
		9A61871A190929B6002BF77B /* AppDelegate.h */ = {isa = PBXFileReference; lastKnownFileType = sourcecode.c.h; path = AppDelegate.h; sourceTree = "<group>"; };
		9A61871B190929B6002BF77B /* AppDelegate.m */ = {isa = PBXFileReference; lastKnownFileType = sourcecode.c.objc; path = AppDelegate.m; sourceTree = "<group>"; };
		9A61871E190929B6002BF77B /* Base */ = {isa = PBXFileReference; lastKnownFileType = file.storyboard; name = Base; path = Base.lproj/Main_iPhone.storyboard; sourceTree = "<group>"; };
		9A618721190929B6002BF77B /* Base */ = {isa = PBXFileReference; lastKnownFileType = file.storyboard; name = Base; path = Base.lproj/Main_iPad.storyboard; sourceTree = "<group>"; };
		9A618724190929B6002BF77B /* New_Lab5.xcdatamodel */ = {isa = PBXFileReference; lastKnownFileType = wrapper.xcdatamodel; path = New_Lab5.xcdatamodel; sourceTree = "<group>"; };
		9A618726190929B6002BF77B /* MasterViewController.h */ = {isa = PBXFileReference; lastKnownFileType = sourcecode.c.h; path = MasterViewController.h; sourceTree = "<group>"; };
		9A618727190929B6002BF77B /* MasterViewController.m */ = {isa = PBXFileReference; lastKnownFileType = sourcecode.c.objc; path = MasterViewController.m; sourceTree = "<group>"; };
		9A618729190929B6002BF77B /* DetailViewController.h */ = {isa = PBXFileReference; lastKnownFileType = sourcecode.c.h; path = DetailViewController.h; sourceTree = "<group>"; };
		9A61872A190929B6002BF77B /* DetailViewController.m */ = {isa = PBXFileReference; lastKnownFileType = sourcecode.c.objc; path = DetailViewController.m; sourceTree = "<group>"; };
		9A61872C190929B6002BF77B /* Images.xcassets */ = {isa = PBXFileReference; lastKnownFileType = folder.assetcatalog; path = Images.xcassets; sourceTree = "<group>"; };
		9A618732190929B6002BF77B /* New_Lab5Tests.xctest */ = {isa = PBXFileReference; explicitFileType = wrapper.cfbundle; includeInIndex = 0; path = New_Lab5Tests.xctest; sourceTree = BUILT_PRODUCTS_DIR; };
		9A618733190929B6002BF77B /* XCTest.framework */ = {isa = PBXFileReference; lastKnownFileType = wrapper.framework; name = XCTest.framework; path = Library/Frameworks/XCTest.framework; sourceTree = DEVELOPER_DIR; };
		9A61873C190929B6002BF77B /* New_Lab5Tests-Info.plist */ = {isa = PBXFileReference; lastKnownFileType = text.plist.xml; path = "New_Lab5Tests-Info.plist"; sourceTree = "<group>"; };
		9A61873E190929B6002BF77B /* en */ = {isa = PBXFileReference; lastKnownFileType = text.plist.strings; name = en; path = en.lproj/InfoPlist.strings; sourceTree = "<group>"; };
		9A618740190929B6002BF77B /* New_Lab5Tests.m */ = {isa = PBXFileReference; lastKnownFileType = sourcecode.c.objc; path = New_Lab5Tests.m; sourceTree = "<group>"; };
/* End PBXFileReference section */

/* Begin PBXFrameworksBuildPhase section */
		9A618703190929B6002BF77B /* Frameworks */ = {
			isa = PBXFrameworksBuildPhase;
			buildActionMask = 2147483647;
			files = (
				9A61870C190929B6002BF77B /* CoreGraphics.framework in Frameworks */,
				9A618710190929B6002BF77B /* CoreData.framework in Frameworks */,
				9A61870E190929B6002BF77B /* UIKit.framework in Frameworks */,
				9A61870A190929B6002BF77B /* Foundation.framework in Frameworks */,
			);
			runOnlyForDeploymentPostprocessing = 0;
		};
		9A61872F190929B6002BF77B /* Frameworks */ = {
			isa = PBXFrameworksBuildPhase;
			buildActionMask = 2147483647;
			files = (
				9A618734190929B6002BF77B /* XCTest.framework in Frameworks */,
				9A618737190929B6002BF77B /* CoreData.framework in Frameworks */,
				9A618736190929B6002BF77B /* UIKit.framework in Frameworks */,
				9A618735190929B6002BF77B /* Foundation.framework in Frameworks */,
			);
			runOnlyForDeploymentPostprocessing = 0;
		};
/* End PBXFrameworksBuildPhase section */

/* Begin PBXGroup section */
		9A6186FD190929B6002BF77B = {
			isa = PBXGroup;
			children = (
				9A618711190929B6002BF77B /* New_Lab5 */,
				9A61873A190929B6002BF77B /* New_Lab5Tests */,
				9A618708190929B6002BF77B /* Frameworks */,
				9A618707190929B6002BF77B /* Products */,
			);
			sourceTree = "<group>";
		};
		9A618707190929B6002BF77B /* Products */ = {
			isa = PBXGroup;
			children = (
				9A618706190929B6002BF77B /* New_Lab5.app */,
				9A618732190929B6002BF77B /* New_Lab5Tests.xctest */,
			);
			name = Products;
			sourceTree = "<group>";
		};
		9A618708190929B6002BF77B /* Frameworks */ = {
			isa = PBXGroup;
			children = (
				9A618709190929B6002BF77B /* Foundation.framework */,
				9A61870B190929B6002BF77B /* CoreGraphics.framework */,
				9A61870D190929B6002BF77B /* UIKit.framework */,
				9A61870F190929B6002BF77B /* CoreData.framework */,
				9A618733190929B6002BF77B /* XCTest.framework */,
			);
			name = Frameworks;
			sourceTree = "<group>";
		};
		9A618711190929B6002BF77B /* New_Lab5 */ = {
			isa = PBXGroup;
			children = (
				9A61871A190929B6002BF77B /* AppDelegate.h */,
				9A61871B190929B6002BF77B /* AppDelegate.m */,
				9A61871D190929B6002BF77B /* Main_iPhone.storyboard */,
				9A618720190929B6002BF77B /* Main_iPad.storyboard */,
				9A618726190929B6002BF77B /* MasterViewController.h */,
				9A618727190929B6002BF77B /* MasterViewController.m */,
				9A618729190929B6002BF77B /* DetailViewController.h */,
				9A61872A190929B6002BF77B /* DetailViewController.m */,
				9A61872C190929B6002BF77B /* Images.xcassets */,
				9A618723190929B6002BF77B /* New_Lab5.xcdatamodeld */,
				9A618712190929B6002BF77B /* Supporting Files */,
			);
			path = New_Lab5;
			sourceTree = "<group>";
		};
		9A618712190929B6002BF77B /* Supporting Files */ = {
			isa = PBXGroup;
			children = (
				9A618713190929B6002BF77B /* New_Lab5-Info.plist */,
				9A618714190929B6002BF77B /* InfoPlist.strings */,
				9A618717190929B6002BF77B /* main.m */,
				9A618719190929B6002BF77B /* New_Lab5-Prefix.pch */,
			);
			name = "Supporting Files";
			sourceTree = "<group>";
		};
		9A61873A190929B6002BF77B /* New_Lab5Tests */ = {
			isa = PBXGroup;
			children = (
				9A618740190929B6002BF77B /* New_Lab5Tests.m */,
				9A61873B190929B6002BF77B /* Supporting Files */,
			);
			path = New_Lab5Tests;
			sourceTree = "<group>";
		};
		9A61873B190929B6002BF77B /* Supporting Files */ = {
			isa = PBXGroup;
			children = (
				9A61873C190929B6002BF77B /* New_Lab5Tests-Info.plist */,
				9A61873D190929B6002BF77B /* InfoPlist.strings */,
			);
			name = "Supporting Files";
			sourceTree = "<group>";
		};
/* End PBXGroup section */

/* Begin PBXNativeTarget section */
		9A618705190929B6002BF77B /* New_Lab5 */ = {
			isa = PBXNativeTarget;
			buildConfigurationList = 9A618744190929B6002BF77B /* Build configuration list for PBXNativeTarget "New_Lab5" */;
			buildPhases = (
				9A618702190929B6002BF77B /* Sources */,
				9A618703190929B6002BF77B /* Frameworks */,
				9A618704190929B6002BF77B /* Resources */,
			);
			buildRules = (
			);
			dependencies = (
			);
			name = New_Lab5;
			productName = New_Lab5;
			productReference = 9A618706190929B6002BF77B /* New_Lab5.app */;
			productType = "com.apple.product-type.application";
		};
		9A618731190929B6002BF77B /* New_Lab5Tests */ = {
			isa = PBXNativeTarget;
			buildConfigurationList = 9A618747190929B6002BF77B /* Build configuration list for PBXNativeTarget "New_Lab5Tests" */;
			buildPhases = (
				9A61872E190929B6002BF77B /* Sources */,
				9A61872F190929B6002BF77B /* Frameworks */,
				9A618730190929B6002BF77B /* Resources */,
			);
			buildRules = (
			);
			dependencies = (
				9A618739190929B6002BF77B /* PBXTargetDependency */,
			);
			name = New_Lab5Tests;
			productName = New_Lab5Tests;
			productReference = 9A618732190929B6002BF77B /* New_Lab5Tests.xctest */;
			productType = "com.apple.product-type.bundle.unit-test";
		};
/* End PBXNativeTarget section */

/* Begin PBXProject section */
		9A6186FE190929B6002BF77B /* Project object */ = {
			isa = PBXProject;
			attributes = {
				LastUpgradeCheck = 0500;
				ORGANIZATIONNAME = yu;
				TargetAttributes = {
					9A618731190929B6002BF77B = {
						TestTargetID = 9A618705190929B6002BF77B;
					};
				};
			};
			buildConfigurationList = 9A618701190929B6002BF77B /* Build configuration list for PBXProject "New_Lab5" */;
			compatibilityVersion = "Xcode 3.2";
			developmentRegion = English;
			hasScannedForEncodings = 0;
			knownRegions = (
				en,
				Base,
			);
			mainGroup = 9A6186FD190929B6002BF77B;
			productRefGroup = 9A618707190929B6002BF77B /* Products */;
			projectDirPath = "";
			projectRoot = "";
			targets = (
				9A618705190929B6002BF77B /* New_Lab5 */,
				9A618731190929B6002BF77B /* New_Lab5Tests */,
			);
		};
/* End PBXProject section */

/* Begin PBXResourcesBuildPhase section */
		9A618704190929B6002BF77B /* Resources */ = {
			isa = PBXResourcesBuildPhase;
			buildActionMask = 2147483647;
			files = (
				9A618722190929B6002BF77B /* Main_iPad.storyboard in Resources */,
				9A61872D190929B6002BF77B /* Images.xcassets in Resources */,
				9A61871F190929B6002BF77B /* Main_iPhone.storyboard in Resources */,
				9A618716190929B6002BF77B /* InfoPlist.strings in Resources */,
			);
			runOnlyForDeploymentPostprocessing = 0;
		};
		9A618730190929B6002BF77B /* Resources */ = {
			isa = PBXResourcesBuildPhase;
			buildActionMask = 2147483647;
			files = (
				9A61873F190929B6002BF77B /* InfoPlist.strings in Resources */,
			);
			runOnlyForDeploymentPostprocessing = 0;
		};
/* End PBXResourcesBuildPhase section */

/* Begin PBXSourcesBuildPhase section */
		9A618702190929B6002BF77B /* Sources */ = {
			isa = PBXSourcesBuildPhase;
			buildActionMask = 2147483647;
			files = (
				9A61872B190929B6002BF77B /* DetailViewController.m in Sources */,
				9A618728190929B6002BF77B /* MasterViewController.m in Sources */,
				9A61871C190929B6002BF77B /* AppDelegate.m in Sources */,
				9A618725190929B6002BF77B /* New_Lab5.xcdatamodeld in Sources */,
				9A618718190929B6002BF77B /* main.m in Sources */,
			);
			runOnlyForDeploymentPostprocessing = 0;
		};
		9A61872E190929B6002BF77B /* Sources */ = {
			isa = PBXSourcesBuildPhase;
			buildActionMask = 2147483647;
			files = (
				9A618741190929B6002BF77B /* New_Lab5Tests.m in Sources */,
			);
			runOnlyForDeploymentPostprocessing = 0;
		};
/* End PBXSourcesBuildPhase section */

/* Begin PBXTargetDependency section */
		9A618739190929B6002BF77B /* PBXTargetDependency */ = {
			isa = PBXTargetDependency;
			target = 9A618705190929B6002BF77B /* New_Lab5 */;
			targetProxy = 9A618738190929B6002BF77B /* PBXContainerItemProxy */;
		};
/* End PBXTargetDependency section */

/* Begin PBXVariantGroup section */
		9A618714190929B6002BF77B /* InfoPlist.strings */ = {
			isa = PBXVariantGroup;
			children = (
				9A618715190929B6002BF77B /* en */,
			);
			name = InfoPlist.strings;
			sourceTree = "<group>";
		};
		9A61871D190929B6002BF77B /* Main_iPhone.storyboard */ = {
			isa = PBXVariantGroup;
			children = (
				9A61871E190929B6002BF77B /* Base */,
			);
			name = Main_iPhone.storyboard;
			sourceTree = "<group>";
		};
		9A618720190929B6002BF77B /* Main_iPad.storyboard */ = {
			isa = PBXVariantGroup;
			children = (
				9A618721190929B6002BF77B /* Base */,
			);
			name = Main_iPad.storyboard;
			sourceTree = "<group>";
		};
		9A61873D190929B6002BF77B /* InfoPlist.strings */ = {
			isa = PBXVariantGroup;
			children = (
				9A61873E190929B6002BF77B /* en */,
			);
			name = InfoPlist.strings;
			sourceTree = "<group>";
		};
/* End PBXVariantGroup section */

/* Begin XCBuildConfiguration section */
		9A618742190929B6002BF77B /* Debug */ = {
			isa = XCBuildConfiguration;
			buildSettings = {
				ALWAYS_SEARCH_USER_PATHS = NO;
				ARCHS = "$(ARCHS_STANDARD_INCLUDING_64_BIT)";
				CLANG_CXX_LANGUAGE_STANDARD = "gnu++0x";
				CLANG_CXX_LIBRARY = "libc++";
				CLANG_ENABLE_MODULES = YES;
				CLANG_ENABLE_OBJC_ARC = YES;
				CLANG_WARN_BOOL_CONVERSION = YES;
				CLANG_WARN_CONSTANT_CONVERSION = YES;
				CLANG_WARN_DIRECT_OBJC_ISA_USAGE = YES_ERROR;
				CLANG_WARN_EMPTY_BODY = YES;
				CLANG_WARN_ENUM_CONVERSION = YES;
				CLANG_WARN_INT_CONVERSION = YES;
				CLANG_WARN_OBJC_ROOT_CLASS = YES_ERROR;
				CLANG_WARN__DUPLICATE_METHOD_MATCH = YES;
				"CODE_SIGN_IDENTITY[sdk=iphoneos*]" = "iPhone Developer";
				COPY_PHASE_STRIP = NO;
				GCC_C_LANGUAGE_STANDARD = gnu99;
				GCC_DYNAMIC_NO_PIC = NO;
				GCC_OPTIMIZATION_LEVEL = 0;
				GCC_PREPROCESSOR_DEFINITIONS = (
					"DEBUG=1",
					"$(inherited)",
				);
				GCC_SYMBOLS_PRIVATE_EXTERN = NO;
				GCC_WARN_64_TO_32_BIT_CONVERSION = YES;
				GCC_WARN_ABOUT_RETURN_TYPE = YES_ERROR;
				GCC_WARN_UNDECLARED_SELECTOR = YES;
				GCC_WARN_UNINITIALIZED_AUTOS = YES;
				GCC_WARN_UNUSED_FUNCTION = YES;
				GCC_WARN_UNUSED_VARIABLE = YES;
				IPHONEOS_DEPLOYMENT_TARGET = 7.0;
				ONLY_ACTIVE_ARCH = YES;
				SDKROOT = iphoneos;
				TARGETED_DEVICE_FAMILY = "1,2";
			};
			name = Debug;
		};
		9A618743190929B6002BF77B /* Release */ = {
			isa = XCBuildConfiguration;
			buildSettings = {
				ALWAYS_SEARCH_USER_PATHS = NO;
				ARCHS = "$(ARCHS_STANDARD_INCLUDING_64_BIT)";
				CLANG_CXX_LANGUAGE_STANDARD = "gnu++0x";
				CLANG_CXX_LIBRARY = "libc++";
				CLANG_ENABLE_MODULES = YES;
				CLANG_ENABLE_OBJC_ARC = YES;
				CLANG_WARN_BOOL_CONVERSION = YES;
				CLANG_WARN_CONSTANT_CONVERSION = YES;
				CLANG_WARN_DIRECT_OBJC_ISA_USAGE = YES_ERROR;
				CLANG_WARN_EMPTY_BODY = YES;
				CLANG_WARN_ENUM_CONVERSION = YES;
				CLANG_WARN_INT_CONVERSION = YES;
				CLANG_WARN_OBJC_ROOT_CLASS = YES_ERROR;
				CLANG_WARN__DUPLICATE_METHOD_MATCH = YES;
				"CODE_SIGN_IDENTITY[sdk=iphoneos*]" = "iPhone Developer";
				COPY_PHASE_STRIP = YES;
				ENABLE_NS_ASSERTIONS = NO;
				GCC_C_LANGUAGE_STANDARD = gnu99;
				GCC_WARN_64_TO_32_BIT_CONVERSION = YES;
				GCC_WARN_ABOUT_RETURN_TYPE = YES_ERROR;
				GCC_WARN_UNDECLARED_SELECTOR = YES;
				GCC_WARN_UNINITIALIZED_AUTOS = YES;
				GCC_WARN_UNUSED_FUNCTION = YES;
				GCC_WARN_UNUSED_VARIABLE = YES;
				IPHONEOS_DEPLOYMENT_TARGET = 7.0;
				SDKROOT = iphoneos;
				TARGETED_DEVICE_FAMILY = "1,2";
				VALIDATE_PRODUCT = YES;
			};
			name = Release;
		};
		9A618745190929B6002BF77B /* Debug */ = {
			isa = XCBuildConfiguration;
			buildSettings = {
				ASSETCATALOG_COMPILER_APPICON_NAME = AppIcon;
				ASSETCATALOG_COMPILER_LAUNCHIMAGE_NAME = LaunchImage;
				GCC_PRECOMPILE_PREFIX_HEADER = YES;
				GCC_PREFIX_HEADER = "New_Lab5/New_Lab5-Prefix.pch";
				INFOPLIST_FILE = "New_Lab5/New_Lab5-Info.plist";
				PRODUCT_NAME = "$(TARGET_NAME)";
				WRAPPER_EXTENSION = app;
			};
			name = Debug;
		};
		9A618746190929B6002BF77B /* Release */ = {
			isa = XCBuildConfiguration;
			buildSettings = {
				ASSETCATALOG_COMPILER_APPICON_NAME = AppIcon;
				ASSETCATALOG_COMPILER_LAUNCHIMAGE_NAME = LaunchImage;
				GCC_PRECOMPILE_PREFIX_HEADER = YES;
				GCC_PREFIX_HEADER = "New_Lab5/New_Lab5-Prefix.pch";
				INFOPLIST_FILE = "New_Lab5/New_Lab5-Info.plist";
				PRODUCT_NAME = "$(TARGET_NAME)";
				WRAPPER_EXTENSION = app;
			};
			name = Release;
		};
		9A618748190929B6002BF77B /* Debug */ = {
			isa = XCBuildConfiguration;
			buildSettings = {
				ARCHS = "$(ARCHS_STANDARD_INCLUDING_64_BIT)";
				BUNDLE_LOADER = "$(BUILT_PRODUCTS_DIR)/New_Lab5.app/New_Lab5";
				FRAMEWORK_SEARCH_PATHS = (
					"$(SDKROOT)/Developer/Library/Frameworks",
					"$(inherited)",
					"$(DEVELOPER_FRAMEWORKS_DIR)",
				);
				GCC_PRECOMPILE_PREFIX_HEADER = YES;
				GCC_PREFIX_HEADER = "New_Lab5/New_Lab5-Prefix.pch";
				GCC_PREPROCESSOR_DEFINITIONS = (
					"DEBUG=1",
					"$(inherited)",
				);
				INFOPLIST_FILE = "New_Lab5Tests/New_Lab5Tests-Info.plist";
				PRODUCT_NAME = "$(TARGET_NAME)";
				TEST_HOST = "$(BUNDLE_LOADER)";
				WRAPPER_EXTENSION = xctest;
			};
			name = Debug;
		};
		9A618749190929B6002BF77B /* Release */ = {
			isa = XCBuildConfiguration;
			buildSettings = {
				ARCHS = "$(ARCHS_STANDARD_INCLUDING_64_BIT)";
				BUNDLE_LOADER = "$(BUILT_PRODUCTS_DIR)/New_Lab5.app/New_Lab5";
				FRAMEWORK_SEARCH_PATHS = (
					"$(SDKROOT)/Developer/Library/Frameworks",
					"$(inherited)",
					"$(DEVELOPER_FRAMEWORKS_DIR)",
				);
				GCC_PRECOMPILE_PREFIX_HEADER = YES;
				GCC_PREFIX_HEADER = "New_Lab5/New_Lab5-Prefix.pch";
				INFOPLIST_FILE = "New_Lab5Tests/New_Lab5Tests-Info.plist";
				PRODUCT_NAME = "$(TARGET_NAME)";
				TEST_HOST = "$(BUNDLE_LOADER)";
				WRAPPER_EXTENSION = xctest;
			};
			name = Release;
		};
/* End XCBuildConfiguration section */

/* Begin XCConfigurationList section */
		9A618701190929B6002BF77B /* Build configuration list for PBXProject "New_Lab5" */ = {
			isa = XCConfigurationList;
			buildConfigurations = (
				9A618742190929B6002BF77B /* Debug */,
				9A618743190929B6002BF77B /* Release */,
			);
			defaultConfigurationIsVisible = 0;
			defaultConfigurationName = Release;
		};
		9A618744190929B6002BF77B /* Build configuration list for PBXNativeTarget "New_Lab5" */ = {
			isa = XCConfigurationList;
			buildConfigurations = (
				9A618745190929B6002BF77B /* Debug */,
				9A618746190929B6002BF77B /* Release */,
			);
			defaultConfigurationIsVisible = 0;
		};
		9A618747190929B6002BF77B /* Build configuration list for PBXNativeTarget "New_Lab5Tests" */ = {
			isa = XCConfigurationList;
			buildConfigurations = (
				9A618748190929B6002BF77B /* Debug */,
				9A618749190929B6002BF77B /* Release */,
			);
			defaultConfigurationIsVisible = 0;
		};
/* End XCConfigurationList section */

/* Begin XCVersionGroup section */
		9A618723190929B6002BF77B /* New_Lab5.xcdatamodeld */ = {
			isa = XCVersionGroup;
			children = (
				9A618724190929B6002BF77B /* New_Lab5.xcdatamodel */,
			);
			currentVersion = 9A618724190929B6002BF77B /* New_Lab5.xcdatamodel */;
			path = New_Lab5.xcdatamodeld;
			sourceTree = "<group>";
			versionGroupType = wrapper.xcdatamodel;
		};
/* End XCVersionGroup section */
	};
	rootObject = 9A6186FE190929B6002BF77B /* Project object */;
}
